
Microsoft Visual Studio Solution File, Format Version 12.00
# Visual Studio 15
VisualStudioVersion = 15.0.27004.2006
MinimumVisualStudioVersion = 10.0.40219.1
Project("{888888A0-9F3D-457C-B088-3A5042F75D52}") = "tms", "tms\tms.pyproj", "{0F22B6FA-1A84-4663-829F-E96BB01E1B9E}"
EndProject
Global
	GlobalSection(SolutionConfigurationPlatforms) = preSolution
		Debug|Any CPU = Debug|Any CPU
		Release|Any CPU = Release|Any CPU
	EndGlobalSection
	GlobalSection(ProjectConfigurationPlatforms) = postSolution
		{0F22B6FA-1A84-4663-829F-E96BB01E1B9E}.Debug|Any CPU.ActiveCfg = Debug|Any CPU
		{0F22B6FA-1A84-4663-829F-E96BB01E1B9E}.Debug|Any CPU.Build.0 = Debug|Any CPU
		{0F22B6FA-1A84-4663-829F-E96BB01E1B9E}.Release|Any CPU.ActiveCfg = Release|Any CPU
		{0F22B6FA-1A84-4663-829F-E96BB01E1B9E}.Release|Any CPU.Build.0 = Release|Any CPU
	EndGlobalSection
	GlobalSection(SolutionProperties) = preSolution
		HideSolutionNode = FALSE
	EndGlobalSection
	GlobalSection(ExtensibilityGlobals) = postSolution
		SolutionGuid = {EEE7438B-9F74-4A43-BE45-EE5D2CD6FFCD}
	EndGlobalSection
EndGlobal
